
Microsoft Visual Studio Solution File, Format Version 11.00
# Visual Studio 2010
Project("{8BC9CEB8-8B4A-11D0-8D11-00A0C91BC942}") = "Snakes", "Snakes\Snakes.vcxproj", "{E097EA80-38D3-4813-9546-2BD8F7A3E8EB}"
EndProject
Global
	GlobalSection(SolutionConfigurationPlatforms) = preSolution
		Debug|Win32 = Debug|Win32
		Release|Win32 = Release|Win32
	EndGlobalSection
	GlobalSection(ProjectConfigurationPlatforms) = postSolution
		{E097EA80-38D3-4813-9546-2BD8F7A3E8EB}.Debug|Win32.ActiveCfg = Debug|Win32
		{E097EA80-38D3-4813-9546-2BD8F7A3E8EB}.Debug|Win32.Build.0 = Debug|Win32
		{E097EA80-38D3-4813-9546-2BD8F7A3E8EB}.Release|Win32.ActiveCfg = Release|Win32
		{E097EA80-38D3-4813-9546-2BD8F7A3E8EB}.Release|Win32.Build.0 = Release|Win32
	EndGlobalSection
	GlobalSection(SolutionProperties) = preSolution
		HideSolutionNode = FALSE
	EndGlobalSection
EndGlobal
